
Microsoft Visual Studio Solution File, Format Version 12.00
# Visual Studio Version 16
VisualStudioVersion = 16.0.31112.23
MinimumVisualStudioVersion = 10.0.40219.1
Project("{FAE04EC0-301F-11D3-BF4B-00C04F79EFBC}") = "IntroToXamarin.UWP", "IntroToXamarin.UWP\IntroToXamarin.UWP.csproj", "{C7196B09-BF0A-4F98-9900-E78F91DB0805}"
EndProject
Project("{FAE04EC0-301F-11D3-BF4B-00C04F79EFBC}") = "IntroToXamarin.Android", "IntroToXamarin.Android\IntroToXamarin.Android.csproj", "{4D37A27B-6D30-4FE9-A8C7-3D69DEDB5C24}"
EndProject
Project("{FAE04EC0-301F-11D3-BF4B-00C04F79EFBC}") = "IntroToXamarin.iOS", "IntroToXamarin.iOS\IntroToXamarin.iOS.csproj", "{ED3807EA-7AFB-4D8B-A04A-9D9A9CAADFA5}"
EndProject
Project("{FAE04EC0-301F-11D3-BF4B-00C04F79EFBC}") = "IntroToXamarin", "IntroToXamarin\IntroToXamarin.csproj", "{9AF25769-AC73-4CF2-B7BB-19CA59310334}"
EndProject
Global
	GlobalSection(SolutionConfigurationPlatforms) = preSolution
		Debug|Any CPU = Debug|Any CPU
		Debug|ARM = Debug|ARM
		Debug|iPhone = Debug|iPhone
		Debug|iPhoneSimulator = Debug|iPhoneSimulator
		Debug|x64 = Debug|x64
		Debug|x86 = Debug|x86
		Release|Any CPU = Release|Any CPU
		Release|ARM = Release|ARM
		Release|iPhone = Release|iPhone
		Release|iPhoneSimulator = Release|iPhoneSimulator
		Release|x64 = Release|x64
		Release|x86 = Release|x86
	EndGlobalSection
	GlobalSection(ProjectConfigurationPlatforms) = postSolution
		{C7196B09-BF0A-4F98-9900-E78F91DB0805}.Debug|Any CPU.ActiveCfg = Debug|x86
		{C7196B09-BF0A-4F98-9900-E78F91DB0805}.Debug|Any CPU.Build.0 = Debug|x86
		{C7196B09-BF0A-4F98-9900-E78F91DB0805}.Debug|Any CPU.Deploy.0 = Debug|x86
		{C7196B09-BF0A-4F98-9900-E78F91DB0805}.Debug|ARM.ActiveCfg = Debug|ARM
		{C7196B09-BF0A-4F98-9900-E78F91DB0805}.Debug|ARM.Build.0 = Debug|ARM
		{C7196B09-BF0A-4F98-9900-E78F91DB0805}.Debug|ARM.Deploy.0 = Debug|ARM
		{C7196B09-BF0A-4F98-9900-E78F91DB0805}.Debug|iPhone.ActiveCfg = Debug|x86
		{C7196B09-BF0A-4F98-9900-E78F91DB0805}.Debug|iPhone.Build.0 = Debug|x86
		{C7196B09-BF0A-4F98-9900-E78F91DB0805}.Debug|iPhone.Deploy.0 = Debug|x86
		{C7196B09-BF0A-4F98-9900-E78F91DB0805}.Debug|iPhoneSimulator.ActiveCfg = Debug|x86
		{C7196B09-BF0A-4F98-9900-E78F91DB0805}.Debug|iPhoneSimulator.Build.0 = Debug|x86
		{C7196B09-BF0A-4F98-9900-E78F91DB0805}.Debug|iPhoneSimulator.Deploy.0 = Debug|x86
		{C7196B09-BF0A-4F98-9900-E78F91DB0805}.Debug|x64.ActiveCfg = Debug|x64
		{C7196B09-BF0A-4F98-9900-E78F91DB0805}.Debug|x64.Build.0 = Debug|x64
		{C7196B09-BF0A-4F98-9900-E78F91DB0805}.Debug|x64.Deploy.0 = Debug|x64
		{C7196B09-BF0A-4F98-9900-E78F91DB0805}.Debug|x86.ActiveCfg = Debug|x86
		{C7196B09-BF0A-4F98-9900-E78F91DB0805}.Debug|x86.Build.0 = Debug|x86
		{C7196B09-BF0A-4F98-9900-E78F91DB0805}.Debug|x86.Deploy.0 = Debug|x86
		{C7196B09-BF0A-4F98-9900-E78F91DB0805}.Release|Any CPU.ActiveCfg = Release|x86
		{C7196B09-BF0A-4F98-9900-E78F91DB0805}.Release|Any CPU.Build.0 = Release|x86
		{C7196B09-BF0A-4F98-9900-E78F91DB0805}.Release|Any CPU.Deploy.0 = Release|x86
		{C7196B09-BF0A-4F98-9900-E78F91DB0805}.Release|ARM.ActiveCfg = Release|ARM
		{C7196B09-BF0A-4F98-9900-E78F91DB0805}.Release|ARM.Build.0 = Release|ARM
		{C7196B09-BF0A-4F98-9900-E78F91DB0805}.Release|ARM.Deploy.0 = Release|ARM
		{C7196B09-BF0A-4F98-9900-E78F91DB0805}.Release|iPhone.ActiveCfg = Release|x86
		{C7196B09-BF0A-4F98-9900-E78F91DB0805}.Release|iPhone.Build.0 = Release|x86
		{C7196B09-BF0A-4F98-9900-E78F91DB0805}.Release|iPhone.Deploy.0 = Release|x86
		{C7196B09-BF0A-4F98-9900-E78F91DB0805}.Release|iPhoneSimulator.ActiveCfg = Release|x86
		{C7196B09-BF0A-4F98-9900-E78F91DB0805}.Release|iPhoneSimulator.Build.0 = Release|x86
		{C7196B09-BF0A-4F98-9900-E78F91DB0805}.Release|iPhoneSimulator.Deploy.0 = Release|x86
		{C7196B09-BF0A-4F98-9900-E78F91DB0805}.Release|x64.ActiveCfg = Release|x64
		{C7196B09-BF0A-4F98-9900-E78F91DB0805}.Release|x64.Build.0 = Release|x64
		{C7196B09-BF0A-4F98-9900-E78F91DB0805}.Release|x64.Deploy.0 = Release|x64
		{C7196B09-BF0A-4F98-9900-E78F91DB0805}.Release|x86.ActiveCfg = Release|x86
		{C7196B09-BF0A-4F98-9900-E78F91DB0805}.Release|x86.Build.0 = Release|x86
		{C7196B09-BF0A-4F98-9900-E78F91DB0805}.Release|x86.Deploy.0 = Release|x86
		{4D37A27B-6D30-4FE9-A8C7-3D69DEDB5C24}.Debug|Any CPU.ActiveCfg = Debug|Any CPU
		{4D37A27B-6D30-4FE9-A8C7-3D69DEDB5C24}.Debug|Any CPU.Build.0 = Debug|Any CPU
		{4D37A27B-6D30-4FE9-A8C7-3D69DEDB5C24}.Debug|Any CPU.Deploy.0 = Debug|Any CPU
		{4D37A27B-6D30-4FE9-A8C7-3D69DEDB5C24}.Debug|ARM.ActiveCfg = Debug|Any CPU
		{4D37A27B-6D30-4FE9-A8C7-3D69DEDB5C24}.Debug|ARM.Build.0 = Debug|Any CPU
		{4D37A27B-6D30-4FE9-A8C7-3D69DEDB5C24}.Debug|ARM.Deploy.0 = Debug|Any CPU
		{4D37A27B-6D30-4FE9-A8C7-3D69DEDB5C24}.Debug|iPhone.ActiveCfg = Debug|Any CPU
		{4D37A27B-6D30-4FE9-A8C7-3D69DEDB5C24}.Debug|iPhone.Build.0 = Debug|Any CPU
		{4D37A27B-6D30-4FE9-A8C7-3D69DEDB5C24}.Debug|iPhone.Deploy.0 = Debug|Any CPU
		{4D37A27B-6D30-4FE9-A8C7-3D69DEDB5C24}.Debug|iPhoneSimulator.ActiveCfg = Debug|Any CPU
		{4D37A27B-6D30-4FE9-A8C7-3D69DEDB5C24}.Debug|iPhoneSimulator.Build.0 = Debug|Any CPU
		{4D37A27B-6D30-4FE9-A8C7-3D69DEDB5C24}.Debug|iPhoneSimulator.Deploy.0 = Debug|Any CPU
		{4D37A27B-6D30-4FE9-A8C7-3D69DEDB5C24}.Debug|x64.ActiveCfg = Debug|Any CPU
		{4D37A27B-6D30-4FE9-A8C7-3D69DEDB5C24}.Debug|x64.Build.0 = Debug|Any CPU
		{4D37A27B-6D30-4FE9-A8C7-3D69DEDB5C24}.Debug|x64.Deploy.0 = Debug|Any CPU
		{4D37A27B-6D30-4FE9-A8C7-3D69DEDB5C24}.Debug|x86.ActiveCfg = Debug|Any CPU
		{4D37A27B-6D30-4FE9-A8C7-3D69DEDB5C24}.Debug|x86.Build.0 = Debug|Any CPU
		{4D37A27B-6D30-4FE9-A8C7-3D69DEDB5C24}.Debug|x86.Deploy.0 = Debug|Any CPU
		{4D37A27B-6D30-4FE9-A8C7-3D69DEDB5C24}.Release|Any CPU.ActiveCfg = Release|Any CPU
		{4D37A27B-6D30-4FE9-A8C7-3D69DEDB5C24}.Release|Any CPU.Build.0 = Release|Any CPU
		{4D37A27B-6D30-4FE9-A8C7-3D69DEDB5C24}.Release|Any CPU.Deploy.0 = Release|Any CPU
		{4D37A27B-6D30-4FE9-A8C7-3D69DEDB5C24}.Release|ARM.ActiveCfg = Release|Any CPU
		{4D37A27B-6D30-4FE9-A8C7-3D69DEDB5C24}.Release|ARM.Build.0 = Release|Any CPU
		{4D37A27B-6D30-4FE9-A8C7-3D69DEDB5C24}.Release|ARM.Deploy.0 = Release|Any CPU
		{4D37A27B-6D30-4FE9-A8C7-3D69DEDB5C24}.Release|iPhone.ActiveCfg = Release|Any CPU
		{4D37A27B-6D30-4FE9-A8C7-3D69DEDB5C24}.Release|iPhone.Build.0 = Release|Any CPU
		{4D37A27B-6D30-4FE9-A8C7-3D69DEDB5C24}.Release|iPhone.Deploy.0 = Release|Any CPU
		{4D37A27B-6D30-4FE9-A8C7-3D69DEDB5C24}.Release|iPhoneSimulator.ActiveCfg = Release|Any CPU
		{4D37A27B-6D30-4FE9-A8C7-3D69DEDB5C24}.Release|iPhoneSimulator.Build.0 = Release|Any CPU
		{4D37A27B-6D30-4FE9-A8C7-3D69DEDB5C24}.Release|iPhoneSimulator.Deploy.0 = Release|Any CPU
		{4D37A27B-6D30-4FE9-A8C7-3D69DEDB5C24}.Release|x64.ActiveCfg = Release|Any CPU
		{4D37A27B-6D30-4FE9-A8C7-3D69DEDB5C24}.Release|x64.Build.0 = Release|Any CPU
		{4D37A27B-6D30-4FE9-A8C7-3D69DEDB5C24}.Release|x64.Deploy.0 = Release|Any CPU
		{4D37A27B-6D30-4FE9-A8C7-3D69DEDB5C24}.Release|x86.ActiveCfg = Release|Any CPU
		{4D37A27B-6D30-4FE9-A8C7-3D69DEDB5C24}.Release|x86.Build.0 = Release|Any CPU
		{4D37A27B-6D30-4FE9-A8C7-3D69DEDB5C24}.Release|x86.Deploy.0 = Release|Any CPU
		{ED3807EA-7AFB-4D8B-A04A-9D9A9CAADFA5}.Debug|Any CPU.ActiveCfg = Debug|iPhoneSimulator
		{ED3807EA-7AFB-4D8B-A04A-9D9A9CAADFA5}.Debug|Any CPU.Build.0 = Debug|iPhoneSimulator
		{ED3807EA-7AFB-4D8B-A04A-9D9A9CAADFA5}.Debug|Any CPU.Deploy.0 = Debug|iPhoneSimulator
		{ED3807EA-7AFB-4D8B-A04A-9D9A9CAADFA5}.Debug|ARM.ActiveCfg = Debug|iPhone
		{ED3807EA-7AFB-4D8B-A04A-9D9A9CAADFA5}.Debug|ARM.Build.0 = Debug|iPhone
		{ED3807EA-7AFB-4D8B-A04A-9D9A9CAADFA5}.Debug|ARM.Deploy.0 = Debug|iPhone
		{ED3807EA-7AFB-4D8B-A04A-9D9A9CAADFA5}.Debug|iPhone.ActiveCfg = Debug|iPhone
		{ED3807EA-7AFB-4D8B-A04A-9D9A9CAADFA5}.Debug|iPhone.Build.0 = Debug|iPhone
		{ED3807EA-7AFB-4D8B-A04A-9D9A9CAADFA5}.Debug|iPhone.Deploy.0 = Debug|iPhone
		{ED3807EA-7AFB-4D8B-A04A-9D9A9CAADFA5}.Debug|iPhoneSimulator.ActiveCfg = Debug|iPhoneSimulator
		{ED3807EA-7AFB-4D8B-A04A-9D9A9CAADFA5}.Debug|iPhoneSimulator.Build.0 = Debug|iPhoneSimulator
		{ED3807EA-7AFB-4D8B-A04A-9D9A9CAADFA5}.Debug|iPhoneSimulator.Deploy.0 = Debug|iPhoneSimulator
		{ED3807EA-7AFB-4D8B-A04A-9D9A9CAADFA5}.Debug|x64.ActiveCfg = Debug|iPhoneSimulator
		{ED3807EA-7AFB-4D8B-A04A-9D9A9CAADFA5}.Debug|x64.Build.0 = Debug|iPhoneSimulator
		{ED3807EA-7AFB-4D8B-A04A-9D9A9CAADFA5}.Debug|x64.Deploy.0 = Debug|iPhoneSimulator
		{ED3807EA-7AFB-4D8B-A04A-9D9A9CAADFA5}.Debug|x86.ActiveCfg = Debug|iPhoneSimulator
		{ED3807EA-7AFB-4D8B-A04A-9D9A9CAADFA5}.Debug|x86.Build.0 = Debug|iPhoneSimulator
		{ED3807EA-7AFB-4D8B-A04A-9D9A9CAADFA5}.Debug|x86.Deploy.0 = Debug|iPhoneSimulator
		{ED3807EA-7AFB-4D8B-A04A-9D9A9CAADFA5}.Release|Any CPU.ActiveCfg = Release|iPhoneSimulator
		{ED3807EA-7AFB-4D8B-A04A-9D9A9CAADFA5}.Release|Any CPU.Build.0 = Release|iPhoneSimulator
		{ED3807EA-7AFB-4D8B-A04A-9D9A9CAADFA5}.Release|Any CPU.Deploy.0 = Release|iPhoneSimulator
		{ED3807EA-7AFB-4D8B-A04A-9D9A9CAADFA5}.Release|ARM.ActiveCfg = Release|iPhoneSimulator
		{ED3807EA-7AFB-4D8B-A04A-9D9A9CAADFA5}.Release|ARM.Build.0 = Release|iPhoneSimulator
		{ED3807EA-7AFB-4D8B-A04A-9D9A9CAADFA5}.Release|ARM.Deploy.0 = Release|iPhoneSimulator
		{ED3807EA-7AFB-4D8B-A04A-9D9A9CAADFA5}.Release|iPhone.ActiveCfg = Release|iPhone
		{ED3807EA-7AFB-4D8B-A04A-9D9A9CAADFA5}.Release|iPhone.Build.0 = Release|iPhone
		{ED3807EA-7AFB-4D8B-A04A-9D9A9CAADFA5}.Release|iPhone.Deploy.0 = Release|iPhone
		{ED3807EA-7AFB-4D8B-A04A-9D9A9CAADFA5}.Release|iPhoneSimulator.ActiveCfg = Release|iPhoneSimulator
		{ED3807EA-7AFB-4D8B-A04A-9D9A9CAADFA5}.Release|iPhoneSimulator.Build.0 = Release|iPhoneSimulator
		{ED3807EA-7AFB-4D8B-A04A-9D9A9CAADFA5}.Release|iPhoneSimulator.Deploy.0 = Release|iPhoneSimulator
		{ED3807EA-7AFB-4D8B-A04A-9D9A9CAADFA5}.Release|x64.ActiveCfg = Release|iPhoneSimulator
		{ED3807EA-7AFB-4D8B-A04A-9D9A9CAADFA5}.Release|x64.Build.0 = Release|iPhoneSimulator
		{ED3807EA-7AFB-4D8B-A04A-9D9A9CAADFA5}.Release|x64.Deploy.0 = Release|iPhoneSimulator
		{ED3807EA-7AFB-4D8B-A04A-9D9A9CAADFA5}.Release|x86.ActiveCfg = Release|iPhoneSimulator
		{ED3807EA-7AFB-4D8B-A04A-9D9A9CAADFA5}.Release|x86.Build.0 = Release|iPhoneSimulator
		{ED3807EA-7AFB-4D8B-A04A-9D9A9CAADFA5}.Release|x86.Deploy.0 = Release|iPhoneSimulator
		{9AF25769-AC73-4CF2-B7BB-19CA59310334}.Debug|Any CPU.ActiveCfg = Debug|Any CPU
		{9AF25769-AC73-4CF2-B7BB-19CA59310334}.Debug|Any CPU.Build.0 = Debug|Any CPU
		{9AF25769-AC73-4CF2-B7BB-19CA59310334}.Debug|Any CPU.Deploy.0 = Debug|Any CPU
		{9AF25769-AC73-4CF2-B7BB-19CA59310334}.Debug|ARM.ActiveCfg = Debug|Any CPU
		{9AF25769-AC73-4CF2-B7BB-19CA59310334}.Debug|ARM.Build.0 = Debug|Any CPU
		{9AF25769-AC73-4CF2-B7BB-19CA59310334}.Debug|ARM.Deploy.0 = Debug|Any CPU
		{9AF25769-AC73-4CF2-B7BB-19CA59310334}.Debug|iPhone.ActiveCfg = Debug|Any CPU
		{9AF25769-AC73-4CF2-B7BB-19CA59310334}.Debug|iPhone.Build.0 = Debug|Any CPU
		{9AF25769-AC73-4CF2-B7BB-19CA59310334}.Debug|iPhone.Deploy.0 = Debug|Any CPU
		{9AF25769-AC73-4CF2-B7BB-19CA59310334}.Debug|iPhoneSimulator.ActiveCfg = Debug|Any CPU
		{9AF25769-AC73-4CF2-B7BB-19CA59310334}.Debug|iPhoneSimulator.Build.0 = Debug|Any CPU
		{9AF25769-AC73-4CF2-B7BB-19CA59310334}.Debug|iPhoneSimulator.Deploy.0 = Debug|Any CPU
		{9AF25769-AC73-4CF2-B7BB-19CA59310334}.Debug|x64.ActiveCfg = Debug|Any CPU
		{9AF25769-AC73-4CF2-B7BB-19CA59310334}.Debug|x64.Build.0 = Debug|Any CPU
		{9AF25769-AC73-4CF2-B7BB-19CA59310334}.Debug|x64.Deploy.0 = Debug|Any CPU
		{9AF25769-AC73-4CF2-B7BB-19CA59310334}.Debug|x86.ActiveCfg = Debug|Any CPU
		{9AF25769-AC73-4CF2-B7BB-19CA59310334}.Debug|x86.Build.0 = Debug|Any CPU
		{9AF25769-AC73-4CF2-B7BB-19CA59310334}.Debug|x86.Deploy.0 = Debug|Any CPU
		{9AF25769-AC73-4CF2-B7BB-19CA59310334}.Release|Any CPU.ActiveCfg = Release|Any CPU
		{9AF25769-AC73-4CF2-B7BB-19CA59310334}.Release|Any CPU.Build.0 = Release|Any CPU
		{9AF25769-AC73-4CF2-B7BB-19CA59310334}.Release|Any CPU.Deploy.0 = Release|Any CPU
		{9AF25769-AC73-4CF2-B7BB-19CA59310334}.Release|ARM.ActiveCfg = Release|Any CPU
		{9AF25769-AC73-4CF2-B7BB-19CA59310334}.Release|ARM.Build.0 = Release|Any CPU
		{9AF25769-AC73-4CF2-B7BB-19CA59310334}.Release|ARM.Deploy.0 = Release|Any CPU
		{9AF25769-AC73-4CF2-B7BB-19CA59310334}.Release|iPhone.ActiveCfg = Release|Any CPU
		{9AF25769-AC73-4CF2-B7BB-19CA59310334}.Release|iPhone.Build.0 = Release|Any CPU
		{9AF25769-AC73-4CF2-B7BB-19CA59310334}.Release|iPhone.Deploy.0 = Release|Any CPU
		{9AF25769-AC73-4CF2-B7BB-19CA59310334}.Release|iPhoneSimulator.ActiveCfg = Release|Any CPU
		{9AF25769-AC73-4CF2-B7BB-19CA59310334}.Release|iPhoneSimulator.Build.0 = Release|Any CPU
		{9AF25769-AC73-4CF2-B7BB-19CA59310334}.Release|iPhoneSimulator.Deploy.0 = Release|Any CPU
		{9AF25769-AC73-4CF2-B7BB-19CA59310334}.Release|x64.ActiveCfg = Release|Any CPU
		{9AF25769-AC73-4CF2-B7BB-19CA59310334}.Release|x64.Build.0 = Release|Any CPU
		{9AF25769-AC73-4CF2-B7BB-19CA59310334}.Release|x64.Deploy.0 = Release|Any CPU
		{9AF25769-AC73-4CF2-B7BB-19CA59310334}.Release|x86.ActiveCfg = Release|Any CPU
		{9AF25769-AC73-4CF2-B7BB-19CA59310334}.Release|x86.Build.0 = Release|Any CPU
		{9AF25769-AC73-4CF2-B7BB-19CA59310334}.Release|x86.Deploy.0 = Release|Any CPU
	EndGlobalSection
	GlobalSection(SolutionProperties) = preSolution
		HideSolutionNode = FALSE
	EndGlobalSection
	GlobalSection(ExtensibilityGlobals) = postSolution
		SolutionGuid = {D71FA0E4-B601-4B54-AC6D-9BD87FA74858}
	EndGlobalSection
EndGlobal
